// !$*UTF8*$!
{
	archiveVersion = 1;
	classes = {
	};
	objectVersion = 46;
	objects = {

/* Begin PBXBuildFile section */
		432F95F81822132900BF6FA8 /* COINSFractionContext.m in Sources */ = {isa = PBXBuildFile; fileRef = 432F95F71822132900BF6FA8 /* COINSFractionContext.m */; };
		432F95FB1822133C00BF6FA8 /* COINSFractionState.m in Sources */ = {isa = PBXBuildFile; fileRef = 432F95FA1822133C00BF6FA8 /* COINSFractionState.m */; };
		E9AA34E317EFD69E00691B94 /* COINSFraction.m in Sources */ = {isa = PBXBuildFile; fileRef = E9AA34DC17EFD69E00691B94 /* COINSFraction.m */; };
		E9AA34E417EFD69E00691B94 /* COINSKeyboard.m in Sources */ = {isa = PBXBuildFile; fileRef = E9AA34DE17EFD69E00691B94 /* COINSKeyboard.m */; };
		E9AA34E617EFD69E00691B94 /* COINSViewController.m in Sources */ = {isa = PBXBuildFile; fileRef = E9AA34E217EFD69E00691B94 /* COINSViewController.m */; };
		E9DFD0CE17E42A83008E753E /* UIKit.framework in Frameworks */ = {isa = PBXBuildFile; fileRef = E9DFD0CD17E42A83008E753E /* UIKit.framework */; };
		E9DFD0D017E42A83008E753E /* Foundation.framework in Frameworks */ = {isa = PBXBuildFile; fileRef = E9DFD0CF17E42A83008E753E /* Foundation.framework */; };
		E9DFD0D217E42A83008E753E /* CoreGraphics.framework in Frameworks */ = {isa = PBXBuildFile; fileRef = E9DFD0D117E42A83008E753E /* CoreGraphics.framework */; };
		E9DFD0D817E42A83008E753E /* InfoPlist.strings in Resources */ = {isa = PBXBuildFile; fileRef = E9DFD0D617E42A83008E753E /* InfoPlist.strings */; };
		E9DFD0DA17E42A83008E753E /* main.m in Sources */ = {isa = PBXBuildFile; fileRef = E9DFD0D917E42A83008E753E /* main.m */; };
		E9DFD0DE17E42A83008E753E /* COINSAppDelegate.m in Sources */ = {isa = PBXBuildFile; fileRef = E9DFD0DD17E42A83008E753E /* COINSAppDelegate.m */; };
		E9DFD0E017E42A83008E753E /* Default.png in Resources */ = {isa = PBXBuildFile; fileRef = E9DFD0DF17E42A83008E753E /* Default.png */; };
		E9DFD0E217E42A83008E753E /* Default@2x.png in Resources */ = {isa = PBXBuildFile; fileRef = E9DFD0E117E42A83008E753E /* Default@2x.png */; };
		E9DFD0E417E42A83008E753E /* Default-568h@2x.png in Resources */ = {isa = PBXBuildFile; fileRef = E9DFD0E317E42A83008E753E /* Default-568h@2x.png */; };
		E9DFD0E717E42A83008E753E /* MainStoryboard_iPhone.storyboard in Resources */ = {isa = PBXBuildFile; fileRef = E9DFD0E517E42A83008E753E /* MainStoryboard_iPhone.storyboard */; };
		E9DFD0EA17E42A83008E753E /* MainStoryboard_iPad.storyboard in Resources */ = {isa = PBXBuildFile; fileRef = E9DFD0E817E42A83008E753E /* MainStoryboard_iPad.storyboard */; };
/* End PBXBuildFile section */

/* Begin PBXFileReference section */
		432F95F61822132900BF6FA8 /* COINSFractionContext.h */ = {isa = PBXFileReference; fileEncoding = 4; lastKnownFileType = sourcecode.c.h; path = COINSFractionContext.h; sourceTree = "<group>"; };
		432F95F71822132900BF6FA8 /* COINSFractionContext.m */ = {isa = PBXFileReference; fileEncoding = 4; lastKnownFileType = sourcecode.c.objc; path = COINSFractionContext.m; sourceTree = "<group>"; };
		432F95F91822133C00BF6FA8 /* COINSFractionState.h */ = {isa = PBXFileReference; fileEncoding = 4; lastKnownFileType = sourcecode.c.h; path = COINSFractionState.h; sourceTree = "<group>"; };
		432F95FA1822133C00BF6FA8 /* COINSFractionState.m */ = {isa = PBXFileReference; fileEncoding = 4; lastKnownFileType = sourcecode.c.objc; path = COINSFractionState.m; sourceTree = "<group>"; };
		E9AA34DB17EFD69E00691B94 /* COINSFraction.h */ = {isa = PBXFileReference; fileEncoding = 4; lastKnownFileType = sourcecode.c.h; name = COINSFraction.h; path = ../COINSFraction.h; sourceTree = "<group>"; };
		E9AA34DC17EFD69E00691B94 /* COINSFraction.m */ = {isa = PBXFileReference; fileEncoding = 4; lastKnownFileType = sourcecode.c.objc; name = COINSFraction.m; path = ../COINSFraction.m; sourceTree = "<group>"; };
		E9AA34DD17EFD69E00691B94 /* COINSKeyboard.h */ = {isa = PBXFileReference; fileEncoding = 4; lastKnownFileType = sourcecode.c.h; name = COINSKeyboard.h; path = ../COINSKeyboard.h; sourceTree = "<group>"; };
		E9AA34DE17EFD69E00691B94 /* COINSKeyboard.m */ = {isa = PBXFileReference; fileEncoding = 4; lastKnownFileType = sourcecode.c.objc; name = COINSKeyboard.m; path = ../COINSKeyboard.m; sourceTree = "<group>"; };
		E9AA34E117EFD69E00691B94 /* COINSViewController.h */ = {isa = PBXFileReference; fileEncoding = 4; lastKnownFileType = sourcecode.c.h; name = COINSViewController.h; path = ../COINSViewController.h; sourceTree = "<group>"; };
		E9AA34E217EFD69E00691B94 /* COINSViewController.m */ = {isa = PBXFileReference; fileEncoding = 4; lastKnownFileType = sourcecode.c.objc; name = COINSViewController.m; path = ../COINSViewController.m; sourceTree = "<group>"; };
		E9DFD0CA17E42A83008E753E /* FracCalc.app */ = {isa = PBXFileReference; explicitFileType = wrapper.application; includeInIndex = 0; path = FracCalc.app; sourceTree = BUILT_PRODUCTS_DIR; };
		E9DFD0CD17E42A83008E753E /* UIKit.framework */ = {isa = PBXFileReference; lastKnownFileType = wrapper.framework; name = UIKit.framework; path = System/Library/Frameworks/UIKit.framework; sourceTree = SDKROOT; };
		E9DFD0CF17E42A83008E753E /* Foundation.framework */ = {isa = PBXFileReference; lastKnownFileType = wrapper.framework; name = Foundation.framework; path = System/Library/Frameworks/Foundation.framework; sourceTree = SDKROOT; };
		E9DFD0D117E42A83008E753E /* CoreGraphics.framework */ = {isa = PBXFileReference; lastKnownFileType = wrapper.framework; name = CoreGraphics.framework; path = System/Library/Frameworks/CoreGraphics.framework; sourceTree = SDKROOT; };
		E9DFD0D517E42A83008E753E /* FracCalc-Info.plist */ = {isa = PBXFileReference; lastKnownFileType = text.plist.xml; path = "FracCalc-Info.plist"; sourceTree = "<group>"; };
		E9DFD0D717E42A83008E753E /* en */ = {isa = PBXFileReference; lastKnownFileType = text.plist.strings; name = en; path = en.lproj/InfoPlist.strings; sourceTree = "<group>"; };
		E9DFD0D917E42A83008E753E /* main.m */ = {isa = PBXFileReference; lastKnownFileType = sourcecode.c.objc; path = main.m; sourceTree = "<group>"; };
		E9DFD0DB17E42A83008E753E /* FracCalc-Prefix.pch */ = {isa = PBXFileReference; lastKnownFileType = sourcecode.c.h; path = "FracCalc-Prefix.pch"; sourceTree = "<group>"; };
		E9DFD0DC17E42A83008E753E /* COINSAppDelegate.h */ = {isa = PBXFileReference; lastKnownFileType = sourcecode.c.h; path = COINSAppDelegate.h; sourceTree = "<group>"; };
		E9DFD0DD17E42A83008E753E /* COINSAppDelegate.m */ = {isa = PBXFileReference; lastKnownFileType = sourcecode.c.objc; path = COINSAppDelegate.m; sourceTree = "<group>"; };
		E9DFD0DF17E42A83008E753E /* Default.png */ = {isa = PBXFileReference; lastKnownFileType = image.png; path = Default.png; sourceTree = "<group>"; };
		E9DFD0E117E42A83008E753E /* Default@2x.png */ = {isa = PBXFileReference; lastKnownFileType = image.png; path = "Default@2x.png"; sourceTree = "<group>"; };
		E9DFD0E317E42A83008E753E /* Default-568h@2x.png */ = {isa = PBXFileReference; lastKnownFileType = image.png; path = "Default-568h@2x.png"; sourceTree = "<group>"; };
		E9DFD0E617E42A83008E753E /* en */ = {isa = PBXFileReference; lastKnownFileType = file.storyboard; name = en; path = en.lproj/MainStoryboard_iPhone.storyboard; sourceTree = "<group>"; };
		E9DFD0E917E42A83008E753E /* en */ = {isa = PBXFileReference; lastKnownFileType = file.storyboard; name = en; path = en.lproj/MainStoryboard_iPad.storyboard; sourceTree = "<group>"; };
/* End PBXFileReference section */

/* Begin PBXFrameworksBuildPhase section */
		E9DFD0C717E42A83008E753E /* Frameworks */ = {
			isa = PBXFrameworksBuildPhase;
			buildActionMask = 2147483647;
			files = (
				E9DFD0CE17E42A83008E753E /* UIKit.framework in Frameworks */,
				E9DFD0D017E42A83008E753E /* Foundation.framework in Frameworks */,
				E9DFD0D217E42A83008E753E /* CoreGraphics.framework in Frameworks */,
			);
			runOnlyForDeploymentPostprocessing = 0;
		};
/* End PBXFrameworksBuildPhase section */

/* Begin PBXGroup section */
		432F95F4182211CB00BF6FA8 /* StateMachine */ = {
			isa = PBXGroup;
			children = (
				432F95F61822132900BF6FA8 /* COINSFractionContext.h */,
				432F95F71822132900BF6FA8 /* COINSFractionContext.m */,
				432F95F5182211D900BF6FA8 /* States */,
			);
			name = StateMachine;
			sourceTree = "<group>";
		};
		432F95F5182211D900BF6FA8 /* States */ = {
			isa = PBXGroup;
			children = (
				432F95F91822133C00BF6FA8 /* COINSFractionState.h */,
				432F95FA1822133C00BF6FA8 /* COINSFractionState.m */,
			);
			name = States;
			sourceTree = "<group>";
		};
		E9AA34E717EFD7E300691B94 /* Model */ = {
			isa = PBXGroup;
			children = (
				432F95F4182211CB00BF6FA8 /* StateMachine */,
				E9AA34DB17EFD69E00691B94 /* COINSFraction.h */,
				E9AA34DC17EFD69E00691B94 /* COINSFraction.m */,
			);
			name = Model;
			sourceTree = "<group>";
		};
		E9AA34E817EFD7ED00691B94 /* View */ = {
			isa = PBXGroup;
			children = (
				E9AA34DD17EFD69E00691B94 /* COINSKeyboard.h */,
				E9AA34DE17EFD69E00691B94 /* COINSKeyboard.m */,
			);
			name = View;
			sourceTree = "<group>";
		};
		E9AA34E917EFD7F600691B94 /* Controller */ = {
			isa = PBXGroup;
			children = (
				E9AA34E117EFD69E00691B94 /* COINSViewController.h */,
				E9AA34E217EFD69E00691B94 /* COINSViewController.m */,
				E9DFD0DC17E42A83008E753E /* COINSAppDelegate.h */,
				E9DFD0DD17E42A83008E753E /* COINSAppDelegate.m */,
			);
			name = Controller;
			sourceTree = "<group>";
		};
		E9DFD0C117E42A83008E753E = {
			isa = PBXGroup;
			children = (
				E9DFD0D317E42A83008E753E /* FracCalc */,
				E9DFD0CC17E42A83008E753E /* Frameworks */,
				E9DFD0CB17E42A83008E753E /* Products */,
			);
			sourceTree = "<group>";
		};
		E9DFD0CB17E42A83008E753E /* Products */ = {
			isa = PBXGroup;
			children = (
				E9DFD0CA17E42A83008E753E /* FracCalc.app */,
			);
			name = Products;
			sourceTree = "<group>";
		};
		E9DFD0CC17E42A83008E753E /* Frameworks */ = {
			isa = PBXGroup;
			children = (
				E9DFD0CD17E42A83008E753E /* UIKit.framework */,
				E9DFD0CF17E42A83008E753E /* Foundation.framework */,
				E9DFD0D117E42A83008E753E /* CoreGraphics.framework */,
			);
			name = Frameworks;
			sourceTree = "<group>";
		};
		E9DFD0D317E42A83008E753E /* FracCalc */ = {
			isa = PBXGroup;
			children = (
				E9AA34E717EFD7E300691B94 /* Model */,
				E9AA34E817EFD7ED00691B94 /* View */,
				E9AA34E917EFD7F600691B94 /* Controller */,
				E9DFD0E517E42A83008E753E /* MainStoryboard_iPhone.storyboard */,
				E9DFD0E817E42A83008E753E /* MainStoryboard_iPad.storyboard */,
				E9DFD0D417E42A83008E753E /* Supporting Files */,
			);
			path = FracCalc;
			sourceTree = "<group>";
		};
		E9DFD0D417E42A83008E753E /* Supporting Files */ = {
			isa = PBXGroup;
			children = (
				E9DFD0D517E42A83008E753E /* FracCalc-Info.plist */,
				E9DFD0D617E42A83008E753E /* InfoPlist.strings */,
				E9DFD0D917E42A83008E753E /* main.m */,
				E9DFD0DB17E42A83008E753E /* FracCalc-Prefix.pch */,
				E9DFD0DF17E42A83008E753E /* Default.png */,
				E9DFD0E117E42A83008E753E /* Default@2x.png */,
				E9DFD0E317E42A83008E753E /* Default-568h@2x.png */,
			);
			name = "Supporting Files";
			sourceTree = "<group>";
		};
/* End PBXGroup section */

/* Begin PBXNativeTarget section */
		E9DFD0C917E42A83008E753E /* FracCalc */ = {
			isa = PBXNativeTarget;
			buildConfigurationList = E9DFD0F017E42A83008E753E /* Build configuration list for PBXNativeTarget "FracCalc" */;
			buildPhases = (
				E9DFD0C617E42A83008E753E /* Sources */,
				E9DFD0C717E42A83008E753E /* Frameworks */,
				E9DFD0C817E42A83008E753E /* Resources */,
			);
			buildRules = (
			);
			dependencies = (
			);
			name = FracCalc;
			productName = FracCalc;
			productReference = E9DFD0CA17E42A83008E753E /* FracCalc.app */;
			productType = "com.apple.product-type.application";
		};
/* End PBXNativeTarget section */

/* Begin PBXProject section */
		E9DFD0C217E42A83008E753E /* Project object */ = {
			isa = PBXProject;
			attributes = {
				CLASSPREFIX = COINS;
				LastUpgradeCheck = 0460;
				ORGANIZATIONNAME = "COINS Project AID";
				TargetAttributes = {
					E9DFD0C917E42A83008E753E = {
						DevelopmentTeam = RM3N4N4RRF;
					};
				};
			};
			buildConfigurationList = E9DFD0C517E42A83008E753E /* Build configuration list for PBXProject "FracCalc" */;
			compatibilityVersion = "Xcode 3.2";
			developmentRegion = English;
			hasScannedForEncodings = 0;
			knownRegions = (
				en,
			);
			mainGroup = E9DFD0C117E42A83008E753E;
			productRefGroup = E9DFD0CB17E42A83008E753E /* Products */;
			projectDirPath = "";
			projectRoot = "";
			targets = (
				E9DFD0C917E42A83008E753E /* FracCalc */,
			);
		};
/* End PBXProject section */

/* Begin PBXResourcesBuildPhase section */
		E9DFD0C817E42A83008E753E /* Resources */ = {
			isa = PBXResourcesBuildPhase;
			buildActionMask = 2147483647;
			files = (
				E9DFD0D817E42A83008E753E /* InfoPlist.strings in Resources */,
				E9DFD0E017E42A83008E753E /* Default.png in Resources */,
				E9DFD0E217E42A83008E753E /* Default@2x.png in Resources */,
				E9DFD0E417E42A83008E753E /* Default-568h@2x.png in Resources */,
				E9DFD0E717E42A83008E753E /* MainStoryboard_iPhone.storyboard in Resources */,
				E9DFD0EA17E42A83008E753E /* MainStoryboard_iPad.storyboard in Resources */,
			);
			runOnlyForDeploymentPostprocessing = 0;
		};
/* End PBXResourcesBuildPhase section */

/* Begin PBXSourcesBuildPhase section */
		E9DFD0C617E42A83008E753E /* Sources */ = {
			isa = PBXSourcesBuildPhase;
			buildActionMask = 2147483647;
			files = (
				E9DFD0DA17E42A83008E753E /* main.m in Sources */,
				E9DFD0DE17E42A83008E753E /* COINSAppDelegate.m in Sources */,
				E9AA34E317EFD69E00691B94 /* COINSFraction.m in Sources */,
				E9AA34E417EFD69E00691B94 /* COINSKeyboard.m in Sources */,
				432F95FB1822133C00BF6FA8 /* COINSFractionState.m in Sources */,
				432F95F81822132900BF6FA8 /* COINSFractionContext.m in Sources */,
				E9AA34E617EFD69E00691B94 /* COINSViewController.m in Sources */,
			);
			runOnlyForDeploymentPostprocessing = 0;
		};
/* End PBXSourcesBuildPhase section */

/* Begin PBXVariantGroup section */
		E9DFD0D617E42A83008E753E /* InfoPlist.strings */ = {
			isa = PBXVariantGroup;
			children = (
				E9DFD0D717E42A83008E753E /* en */,
			);
			name = InfoPlist.strings;
			sourceTree = "<group>";
		};
		E9DFD0E517E42A83008E753E /* MainStoryboard_iPhone.storyboard */ = {
			isa = PBXVariantGroup;
			children = (
				E9DFD0E617E42A83008E753E /* en */,
			);
			name = MainStoryboard_iPhone.storyboard;
			sourceTree = "<group>";
		};
		E9DFD0E817E42A83008E753E /* MainStoryboard_iPad.storyboard */ = {
			isa = PBXVariantGroup;
			children = (
				E9DFD0E917E42A83008E753E /* en */,
			);
			name = MainStoryboard_iPad.storyboard;
			sourceTree = "<group>";
		};
/* End PBXVariantGroup section */

/* Begin XCBuildConfiguration section */
		E9DFD0EE17E42A83008E753E /* Debug */ = {
			isa = XCBuildConfiguration;
			buildSettings = {
				ALWAYS_SEARCH_USER_PATHS = NO;
				CLANG_CXX_LANGUAGE_STANDARD = "gnu++0x";
				CLANG_CXX_LIBRARY = "libc++";
				CLANG_ENABLE_OBJC_ARC = YES;
				CLANG_WARN_CONSTANT_CONVERSION = YES;
				CLANG_WARN_EMPTY_BODY = YES;
				CLANG_WARN_ENUM_CONVERSION = YES;
				CLANG_WARN_INT_CONVERSION = YES;
				CLANG_WARN__DUPLICATE_METHOD_MATCH = YES;
				"CODE_SIGN_IDENTITY[sdk=iphoneos*]" = "iPhone Developer";
				COPY_PHASE_STRIP = NO;
				GCC_C_LANGUAGE_STANDARD = gnu99;
				GCC_DYNAMIC_NO_PIC = NO;
				GCC_OPTIMIZATION_LEVEL = 0;
				GCC_PREPROCESSOR_DEFINITIONS = (
					"DEBUG=1",
					"$(inherited)",
				);
				GCC_SYMBOLS_PRIVATE_EXTERN = NO;
				GCC_WARN_ABOUT_RETURN_TYPE = YES;
				GCC_WARN_UNINITIALIZED_AUTOS = YES;
				GCC_WARN_UNUSED_VARIABLE = YES;
				IPHONEOS_DEPLOYMENT_TARGET = 6.1;
				ONLY_ACTIVE_ARCH = YES;
				SDKROOT = iphoneos;
				TARGETED_DEVICE_FAMILY = "1,2";
			};
			name = Debug;
		};
		E9DFD0EF17E42A83008E753E /* Release */ = {
			isa = XCBuildConfiguration;
			buildSettings = {
				ALWAYS_SEARCH_USER_PATHS = NO;
				CLANG_CXX_LANGUAGE_STANDARD = "gnu++0x";
				CLANG_CXX_LIBRARY = "libc++";
				CLANG_ENABLE_OBJC_ARC = YES;
				CLANG_WARN_CONSTANT_CONVERSION = YES;
				CLANG_WARN_EMPTY_BODY = YES;
				CLANG_WARN_ENUM_CONVERSION = YES;
				CLANG_WARN_INT_CONVERSION = YES;
				CLANG_WARN__DUPLICATE_METHOD_MATCH = YES;
				"CODE_SIGN_IDENTITY[sdk=iphoneos*]" = "iPhone Developer";
				COPY_PHASE_STRIP = YES;
				GCC_C_LANGUAGE_STANDARD = gnu99;
				GCC_WARN_ABOUT_RETURN_TYPE = YES;
				GCC_WARN_UNINITIALIZED_AUTOS = YES;
				GCC_WARN_UNUSED_VARIABLE = YES;
				IPHONEOS_DEPLOYMENT_TARGET = 6.1;
				OTHER_CFLAGS = "-DNS_BLOCK_ASSERTIONS=1";
				SDKROOT = iphoneos;
				TARGETED_DEVICE_FAMILY = "1,2";
				VALIDATE_PRODUCT = YES;
			};
			name = Release;
		};
		E9DFD0F117E42A83008E753E /* Debug */ = {
			isa = XCBuildConfiguration;
			buildSettings = {
				CODE_SIGN_IDENTITY = "iPhone Developer";
				"CODE_SIGN_IDENTITY[sdk=iphoneos*]" = "iPhone Developer";
				GCC_PRECOMPILE_PREFIX_HEADER = YES;
				GCC_PREFIX_HEADER = "FracCalc/FracCalc-Prefix.pch";
				INFOPLIST_FILE = "FracCalc/FracCalc-Info.plist";
				IPHONEOS_DEPLOYMENT_TARGET = 7.0;
				PRODUCT_NAME = "$(TARGET_NAME)";
				PROVISIONING_PROFILE = "";
				WRAPPER_EXTENSION = app;
			};
			name = Debug;
		};
		E9DFD0F217E42A83008E753E /* Release */ = {
			isa = XCBuildConfiguration;
			buildSettings = {
				CODE_SIGN_IDENTITY = "iPhone Developer";
				"CODE_SIGN_IDENTITY[sdk=iphoneos*]" = "iPhone Developer";
				GCC_PRECOMPILE_PREFIX_HEADER = YES;
				GCC_PREFIX_HEADER = "FracCalc/FracCalc-Prefix.pch";
				INFOPLIST_FILE = "FracCalc/FracCalc-Info.plist";
				IPHONEOS_DEPLOYMENT_TARGET = 7.0;
				PRODUCT_NAME = "$(TARGET_NAME)";
				PROVISIONING_PROFILE = "";
				WRAPPER_EXTENSION = app;
			};
			name = Release;
		};
/* End XCBuildConfiguration section */

/* Begin XCConfigurationList section */
		E9DFD0C517E42A83008E753E /* Build configuration list for PBXProject "FracCalc" */ = {
			isa = XCConfigurationList;
			buildConfigurations = (
				E9DFD0EE17E42A83008E753E /* Debug */,
				E9DFD0EF17E42A83008E753E /* Release */,
			);
			defaultConfigurationIsVisible = 0;
			defaultConfigurationName = Release;
		};
		E9DFD0F017E42A83008E753E /* Build configuration list for PBXNativeTarget "FracCalc" */ = {
			isa = XCConfigurationList;
			buildConfigurations = (
				E9DFD0F117E42A83008E753E /* Debug */,
				E9DFD0F217E42A83008E753E /* Release */,
			);
			defaultConfigurationIsVisible = 0;
			defaultConfigurationName = Release;
		};
/* End XCConfigurationList section */
	};
	rootObject = E9DFD0C217E42A83008E753E /* Project object */;
}
